{
  "name": "kuba-game",
  "version": "1.0.0",
  "lockfileVersion": 3,
  "requires": true,
  "packages": {
    "": {
      "name": "kuba-game",
      "version": "1.0.0",
      "dependencies": {
        "body-parser": "^1.20.2",
        "cors": "^2.8.5",
        "express": "^4.18.2"
      }
    },
    "node_modules/body-parser": {
      "version": "1.20.2",
      "resolved": "https://registry.npmjs.org/body-parser/-/body-parser-1.20.2.tgz",
      "integrity": "sha512-ml9pNegtAmsv+h9HqNeQ78Z1RjIKhoVl0vkbHkJG71Yw2sLkPTKWB9zk0TNp1YKQWLwITog \
YPW+ANyQIUiS1bA==",
      "dependencies": {
        "bytes": "3.1.2",
        "content-type": "~1.0.5",
        "debug": "2.6.9",
        "depd": "2.0.0",
        "destroy": "1.2.0",
        "http-errors": "2.0.0",
        "iconv-lite": "0.4.24",
        "on-finished": "2.4.1",
        "qs": "6.11.0",
        "raw-body": "2.5.2",
        "type-is": "~1.6.18",
        "unpipe": "1.0.0"
      }
    },
    "node_modules/cors": {
      "version": "2.8.5",
      "resolved": "https://registry.npmjs.org/cors/-/cors-2.8.5.tgz",
      "integrity": "sha512-KHMFf06H+ZyUkrVjwBXkSivaQyhlHLLANkJs \
eID/gfQNwsMWqVAy3NJne+0wbfYf2DJnKbUl81RHH1ZCqj5n1w==",
      "dependencies": {
        "object-assign": "^4",
        "vary": "^1"
      }
    },
    "node_modules/express": {
      "version": "4.18.2",
      "resolved": "https://registry.npmjs.org/express/-/express-4.18.2.tgz",
      "integrity": "sha512-5/P0coll3Ig9aSEg76srczPTT1IKzs \
XDPZCta3lwIPCRZfUeG7cGubQ1kHqXUspn5QhRJpK0pAkRZsE3C4z9dw=="
    }
  }
}
